
Microsoft Visual Studio Solution File, Format Version 12.00
# Visual Studio 2013
VisualStudioVersion = 12.0.31101.0
MinimumVisualStudioVersion = 10.0.40219.1
Project("{FAE04EC0-301F-11D3-BF4B-00C04F79EFBC}") = "GameServer", "GameServer.csproj", "{3D339368-434D-4D7F-8A18-A51823BD15F6}"
EndProject
Project("{FAE04EC0-301F-11D3-BF4B-00C04F79EFBC}") = "GameServer.Test", "..\GameServer.Test\GameServer.Test.csproj", "{36CB8790-59E3-4E32-986B-E09DB018A6AD}"
EndProject
Global
	GlobalSection(SolutionConfigurationPlatforms) = preSolution
		Debug|Any CPU = Debug|Any CPU
		Release|Any CPU = Release|Any CPU
	EndGlobalSection
	GlobalSection(ProjectConfigurationPlatforms) = postSolution
		{3D339368-434D-4D7F-8A18-A51823BD15F6}.Debug|Any CPU.ActiveCfg = Debug|Any CPU
		{3D339368-434D-4D7F-8A18-A51823BD15F6}.Debug|Any CPU.Build.0 = Debug|Any CPU
		{3D339368-434D-4D7F-8A18-A51823BD15F6}.Release|Any CPU.ActiveCfg = Release|Any CPU
		{3D339368-434D-4D7F-8A18-A51823BD15F6}.Release|Any CPU.Build.0 = Release|Any CPU
		{36CB8790-59E3-4E32-986B-E09DB018A6AD}.Debug|Any CPU.ActiveCfg = Debug|Any CPU
		{36CB8790-59E3-4E32-986B-E09DB018A6AD}.Debug|Any CPU.Build.0 = Debug|Any CPU
		{36CB8790-59E3-4E32-986B-E09DB018A6AD}.Release|Any CPU.ActiveCfg = Release|Any CPU
		{36CB8790-59E3-4E32-986B-E09DB018A6AD}.Release|Any CPU.Build.0 = Release|Any CPU
	EndGlobalSection
	GlobalSection(SolutionProperties) = preSolution
		HideSolutionNode = FALSE
	EndGlobalSection
EndGlobal
